<Solution>
  <Folder Name="/src/">
    <Project Path="src/FluentFlow.Api/FluentFlow.Api.csproj" />
    <Project Path="src/FluentFlow.Core/FluentFlow.Core.csproj" />
    <Project Path="src/FluentFlow.Infrastructure/FluentFlow.Infrastructure.csproj" />
    <Project Path="src/FluentFlow.Mobile/FluentFlow.Mobile.csproj" />
  </Folder>
  <Folder Name="/src/FluentFlow.Web/">
    <Project Path="src/FluentFlow.Web/FluentFlow.Web.Client/FluentFlow.Web.Client.csproj" />
    <Project Path="src/FluentFlow.Web/FluentFlow.Web/FluentFlow.Web.csproj" />
  </Folder>
  <Folder Name="/tests/">
    <Project Path="tests/FluentFlow.Tests/FluentFlow.Tests.csproj" />
  </Folder>
  <Folder Name="/utils/">
    <Project Path="utils/FluentFlow.Utils/FluentFlow.Utils.csproj" />
  </Folder>
</Solution>
